
Microsoft Visual Studio Solution File, Format Version 12.00
# Visual Studio Version 17
VisualStudioVersion = 17.14.36202.13 d17.14
MinimumVisualStudioVersion = 10.0.40219.1
Project("{FAE04EC0-301F-11D3-BF4B-00C04F79EFBC}") = "GameSite", "GameSite\GameSite.csproj", "{0E435DD6-82EA-40D9-81F3-90C03337FE91}"
EndProject
Project("{FAE04EC0-301F-11D3-BF4B-00C04F79EFBC}") = "Durak.Core", "Durak.Core\Durak.Core.csproj", "{9B8090FC-CCD4-4A6C-9FB1-0DDBF0760981}"
EndProject
Project("{FAE04EC0-301F-11D3-BF4B-00C04F79EFBC}") = "Durak.Core.Tests", "Durak.Core.Tests\Durak.Core.Tests.csproj", "{7530E9AC-DCBA-4362-A09D-599299355956}"
EndProject
Global
	GlobalSection(SolutionConfigurationPlatforms) = preSolution
		Debug|Any CPU = Debug|Any CPU
		Release|Any CPU = Release|Any CPU
	EndGlobalSection
	GlobalSection(ProjectConfigurationPlatforms) = postSolution
		{0E435DD6-82EA-40D9-81F3-90C03337FE91}.Debug|Any CPU.ActiveCfg = Debug|Any CPU
		{0E435DD6-82EA-40D9-81F3-90C03337FE91}.Debug|Any CPU.Build.0 = Debug|Any CPU
		{0E435DD6-82EA-40D9-81F3-90C03337FE91}.Release|Any CPU.ActiveCfg = Release|Any CPU
		{0E435DD6-82EA-40D9-81F3-90C03337FE91}.Release|Any CPU.Build.0 = Release|Any CPU
		{9B8090FC-CCD4-4A6C-9FB1-0DDBF0760981}.Debug|Any CPU.ActiveCfg = Debug|Any CPU
		{9B8090FC-CCD4-4A6C-9FB1-0DDBF0760981}.Debug|Any CPU.Build.0 = Debug|Any CPU
		{9B8090FC-CCD4-4A6C-9FB1-0DDBF0760981}.Release|Any CPU.ActiveCfg = Release|Any CPU
		{9B8090FC-CCD4-4A6C-9FB1-0DDBF0760981}.Release|Any CPU.Build.0 = Release|Any CPU
		{7530E9AC-DCBA-4362-A09D-599299355956}.Debug|Any CPU.ActiveCfg = Debug|Any CPU
		{7530E9AC-DCBA-4362-A09D-599299355956}.Debug|Any CPU.Build.0 = Debug|Any CPU
		{7530E9AC-DCBA-4362-A09D-599299355956}.Release|Any CPU.ActiveCfg = Release|Any CPU
		{7530E9AC-DCBA-4362-A09D-599299355956}.Release|Any CPU.Build.0 = Release|Any CPU
	EndGlobalSection
	GlobalSection(SolutionProperties) = preSolution
		HideSolutionNode = FALSE
	EndGlobalSection
	GlobalSection(ExtensibilityGlobals) = postSolution
		SolutionGuid = {EE811898-0BD7-40DE-A59A-7E2494BF28E4}
	EndGlobalSection
EndGlobal
